
Microsoft Visual Studio Solution File, Format Version 12.00
# Visual Studio Version 17
VisualStudioVersion = 17.13.35919.96 d17.13
MinimumVisualStudioVersion = 10.0.40219.1
Project("{FAE04EC0-301F-11D3-BF4B-00C04F79EFBC}") = "StoreAPI", "StoreAPI\StoreAPI.csproj", "{A5F2169E-91CF-4819-9B53-68F96D30A219}"
EndProject
Global
	GlobalSection(SolutionConfigurationPlatforms) = preSolution
		Debug|Any CPU = Debug|Any CPU
		Release|Any CPU = Release|Any CPU
	EndGlobalSection
	GlobalSection(ProjectConfigurationPlatforms) = postSolution
		{A5F2169E-91CF-4819-9B53-68F96D30A219}.Debug|Any CPU.ActiveCfg = Debug|Any CPU
		{A5F2169E-91CF-4819-9B53-68F96D30A219}.Debug|Any CPU.Build.0 = Debug|Any CPU
		{A5F2169E-91CF-4819-9B53-68F96D30A219}.Release|Any CPU.ActiveCfg = Release|Any CPU
		{A5F2169E-91CF-4819-9B53-68F96D30A219}.Release|Any CPU.Build.0 = Release|Any CPU
	EndGlobalSection
	GlobalSection(SolutionProperties) = preSolution
		HideSolutionNode = FALSE
	EndGlobalSection
	GlobalSection(ExtensibilityGlobals) = postSolution
		SolutionGuid = {048F980E-5F9E-4502-9AB7-C15D7A5E5041}
	EndGlobalSection
EndGlobal
